
Microsoft Visual Studio Solution File, Format Version 12.00
# Visual Studio 15
VisualStudioVersion = 15.0.26730.12
MinimumVisualStudioVersion = 10.0.40219.1
Project("{FAE04EC0-301F-11D3-BF4B-00C04F79EFBC}") = "ModuleManager", "Source\ModuleManager\ModuleManager.csproj", "{02C8E3AF-69F9-4102-AB60-DD6DE60662D3}"
EndProject
Project("{9344BDBB-3E7F-41FC-A0DD-8665D75EE146}") = "ModuleManagerTests", "Source\ModuleManagerTests\ModuleManagerTests.csproj", "{1614BB5A-84EA-4F06-A0BF-4F7806E07AA7}"
EndProject
Project("{9344BDBB-3E7F-41FC-A0DD-8665D75EE146}") = "TestUtils", "Source\TestUtils\TestUtils.csproj", "{5F830DF6-87AE-449D-AA6C-41ACFF3ABA75}"
EndProject
Project("{9344BDBB-3E7F-41FC-A0DD-8665D75EE146}") = "TestUtilsTests", "Source\TestUtilsTests\TestUtilsTests.csproj", "{8D236572-6A92-476B-BF39-322EA2C0605C}"
EndProject
Global
	GlobalSection(SolutionConfigurationPlatforms) = preSolution
		Debug|Any CPU = Debug|Any CPU
		Release|Any CPU = Release|Any CPU
	EndGlobalSection
	GlobalSection(ProjectConfigurationPlatforms) = postSolution
		{02C8E3AF-69F9-4102-AB60-DD6DE60662D3}.Debug|Any CPU.ActiveCfg = Debug|Any CPU
		{02C8E3AF-69F9-4102-AB60-DD6DE60662D3}.Debug|Any CPU.Build.0 = Debug|Any CPU
		{02C8E3AF-69F9-4102-AB60-DD6DE60662D3}.Release|Any CPU.ActiveCfg = Release|Any CPU
		{02C8E3AF-69F9-4102-AB60-DD6DE60662D3}.Release|Any CPU.Build.0 = Release|Any CPU
		{1614BB5A-84EA-4F06-A0BF-4F7806E07AA7}.Debug|Any CPU.ActiveCfg = Debug|Any CPU
		{1614BB5A-84EA-4F06-A0BF-4F7806E07AA7}.Debug|Any CPU.Build.0 = Debug|Any CPU
		{1614BB5A-84EA-4F06-A0BF-4F7806E07AA7}.Release|Any CPU.ActiveCfg = Release|Any CPU
		{1614BB5A-84EA-4F06-A0BF-4F7806E07AA7}.Release|Any CPU.Build.0 = Release|Any CPU
		{5F830DF6-87AE-449D-AA6C-41ACFF3ABA75}.Debug|Any CPU.ActiveCfg = Debug|Any CPU
		{5F830DF6-87AE-449D-AA6C-41ACFF3ABA75}.Debug|Any CPU.Build.0 = Debug|Any CPU
		{5F830DF6-87AE-449D-AA6C-41ACFF3ABA75}.Release|Any CPU.ActiveCfg = Release|Any CPU
		{5F830DF6-87AE-449D-AA6C-41ACFF3ABA75}.Release|Any CPU.Build.0 = Release|Any CPU
		{8D236572-6A92-476B-BF39-322EA2C0605C}.Debug|Any CPU.ActiveCfg = Debug|Any CPU
		{8D236572-6A92-476B-BF39-322EA2C0605C}.Debug|Any CPU.Build.0 = Debug|Any CPU
		{8D236572-6A92-476B-BF39-322EA2C0605C}.Release|Any CPU.ActiveCfg = Release|Any CPU
		{8D236572-6A92-476B-BF39-322EA2C0605C}.Release|Any CPU.Build.0 = Release|Any CPU
	EndGlobalSection
	GlobalSection(SolutionProperties) = preSolution
		HideSolutionNode = FALSE
	EndGlobalSection
	GlobalSection(ExtensibilityGlobals) = postSolution
		SolutionGuid = {4DCC10BA-6036-4DCF-A78B-086DF4487922}
	EndGlobalSection
	GlobalSection(MonoDevelopProperties) = preSolution
		StartupItem = ModuleManager.csproj
		outputpath = ..\..\Plugins
		Policies = $0
		$0.TextStylePolicy = $1
		$1.inheritsSet = null
		$1.scope = text/x-csharp
		$0.CSharpFormattingPolicy = $2
		$2.scope = text/x-csharp
		$0.TextStylePolicy = $3
		$3.FileWidth = 132
		$3.TabsToSpaces = True
		$3.NoTabsAfterNonTabs = True
		$3.EolMarker = Unix
		$3.scope = text/plain
		$0.TextStylePolicy = $4
		$4.inheritsSet = null
		$4.scope = text/microsoft-resx
		$0.XmlFormattingPolicy = $5
		$5.inheritsSet = null
		$5.scope = text/microsoft-resx
		$0.TextStylePolicy = $6
		$6.inheritsSet = null
		$6.scope = application/xml
		$0.XmlFormattingPolicy = $7
		$7.scope = application/xml
		$0.TextStylePolicy = $8
		$8.inheritsSet = null
		$8.scope = application/config+xml
		$0.XmlFormattingPolicy = $9
		$9.inheritsSet = null
		$9.scope = application/config+xml
		$0.TextStylePolicy = $10
		$10.inheritsSet = null
		$10.scope = application/t4-template
	EndGlobalSection
EndGlobal
